
Microsoft Visual Studio Solution File, Format Version 12.00
# Visual Studio Version 17
VisualStudioVersion = 17.2.32616.157
MinimumVisualStudioVersion = 10.0.40219.1
Project("{FAE04EC0-301F-11D3-BF4B-00C04F79EFBC}") = "CrudComEntityEimgPostgres", "CrudComEntityEimgPostgres\CrudComEntityEimgPostgres.csproj", "{E798FF35-F5C8-4221-9E9E-54D67772DC9D}"
EndProject
Global
	GlobalSection(SolutionConfigurationPlatforms) = preSolution
		Debug|Any CPU = Debug|Any CPU
		Release|Any CPU = Release|Any CPU
	EndGlobalSection
	GlobalSection(ProjectConfigurationPlatforms) = postSolution
		{E798FF35-F5C8-4221-9E9E-54D67772DC9D}.Debug|Any CPU.ActiveCfg = Debug|Any CPU
		{E798FF35-F5C8-4221-9E9E-54D67772DC9D}.Debug|Any CPU.Build.0 = Debug|Any CPU
		{E798FF35-F5C8-4221-9E9E-54D67772DC9D}.Release|Any CPU.ActiveCfg = Release|Any CPU
		{E798FF35-F5C8-4221-9E9E-54D67772DC9D}.Release|Any CPU.Build.0 = Release|Any CPU
	EndGlobalSection
	GlobalSection(SolutionProperties) = preSolution
		HideSolutionNode = FALSE
	EndGlobalSection
	GlobalSection(ExtensibilityGlobals) = postSolution
		SolutionGuid = {48354D80-E9DB-437C-ADA4-364933DF3D64}
	EndGlobalSection
EndGlobal
